PODS:
  - YHJQRCode (0.2.0.2):
    - YHJQRCode/Code (= 0.2.0.2)
  - YHJQRCode/Code (0.2.0.2)

DEPENDENCIES:
  - YHJQRCode (from `../`)

EXTERNAL SOURCES:
  YHJQRCode:
    :path: "../"

SPEC CHECKSUMS:
  YHJQRCode: d563907c5c63dbdbe056f0b2686f2345283b0c35

PODFILE CHECKSUM: 1271d08750523d85ffdb24ceea8975f2e3b67a52

COCOAPODS: 1.3.0.beta.1
